
Microsoft Visual Studio Solution File, Format Version 12.00
# Visual Studio 15
VisualStudioVersion = 15.0.27004.2010
MinimumVisualStudioVersion = 10.0.40219.1
Project("{FAE04EC0-301F-11D3-BF4B-00C04F79EFBC}") = "<%= fullNamespace %>", "<%= fullNamespace %>.csproj", "{<%= guid %>}"
EndProject
Global
	GlobalSection(SolutionConfigurationPlatforms) = preSolution
		Debug|Any CPU = Debug|Any CPU
		Release|Any CPU = Release|Any CPU
	EndGlobalSection
	GlobalSection(ProjectConfigurationPlatforms) = postSolution
		{<%= guid %>}.Debug|Any CPU.ActiveCfg = Debug|Any CPU
		{<%= guid %>}.Debug|Any CPU.Build.0 = Debug|Any CPU
		{<%= guid %>}.Release|Any CPU.ActiveCfg = Release|Any CPU
		{<%= guid %>}.Release|Any CPU.Build.0 = Release|Any CPU
	EndGlobalSection
	GlobalSection(SolutionProperties) = preSolution
		HideSolutionNode = FALSE
	EndGlobalSection
	GlobalSection(ExtensibilityGlobals) = postSolution
		SolutionGuid = {30C09FE0-6D39-4CA4-A172-7B0454BCED7F}
	EndGlobalSection
EndGlobal
